{
  "version": 4,
  "terraform_version": "1.8.3",
  "serial": 3,
  "lineage": "a5a5c2e9-e0dd-d591-c9f2-b78246fc1c44",
  "outputs": {},
  "resources": [
    {
      "mode": "managed",
      "type": "github_repository",
      "name": "first-repo-created",
      "provider": "provider[\"registry.terraform.io/integrations/github\"]",
      "instances": [
        {
          "schema_version": 1,
          "attributes": {
            "allow_auto_merge": false,
            "allow_merge_commit": true,
            "allow_rebase_merge": true,
            "allow_squash_merge": true,
            "allow_update_branch": false,
            "archive_on_destroy": null,
            "archived": false,
            "auto_init": true,
            "default_branch": "main",
            "delete_branch_on_merge": false,
            "description": "Repo Creation Automation Via Terraform",
            "etag": "W/\"52d5a45eb49422a5df28b40795a0a027f18612db98865941c56aa2ac87379ac1\"",
            "full_name": "Trex-Hub/first-repo-created-from-terraform",
            "git_clone_url": "git://github.com/Trex-Hub/first-repo-created-from-terraform.git",
            "gitignore_template": null,
            "has_discussions": false,
            "has_downloads": false,
            "has_issues": false,
            "has_projects": false,
            "has_wiki": false,
            "homepage_url": "",
            "html_url": "https://github.com/Trex-Hub/first-repo-created-from-terraform",
            "http_clone_url": "https://github.com/Trex-Hub/first-repo-created-from-terraform.git",
            "id": "first-repo-created-from-terraform",
            "ignore_vulnerability_alerts_during_read": null,
            "is_template": false,
            "license_template": null,
            "merge_commit_message": "PR_TITLE",
            "merge_commit_title": "MERGE_MESSAGE",
            "name": "first-repo-created-from-terraform",
            "node_id": "R_kgDOL6JtZw",
            "pages": [],
            "primary_language": "",
            "private": true,
            "repo_id": 799173991,
            "security_and_analysis": [],
            "squash_merge_commit_message": "COMMIT_MESSAGES",
            "squash_merge_commit_title": "COMMIT_OR_PR_TITLE",
            "ssh_clone_url": "git@github.com:Trex-Hub/first-repo-created-from-terraform.git",
            "svn_url": "https://github.com/Trex-Hub/first-repo-created-from-terraform",
            "template": [],
            "topics": [],
            "visibility": "private",
            "vulnerability_alerts": false,
            "web_commit_signoff_required": false
          },
          "sensitive_attributes": [],
          "private": "eyJzY2hlbWFfdmVyc2lvbiI6IjEifQ=="
        }
      ]
    }
  ],
  "check_results": null
}
