{
  "version": 4,
  "terraform_version": "1.8.3",
  "serial": 12,
  "lineage": "c1e8351c-40a2-09a6-4b89-4bfb8790be4f",
  "outputs": {
    "keyName": {
      "value": "key-tf",
      "type": "string"
    }
  },
  "resources": [
    {
      "mode": "managed",
      "type": "aws_instance",
      "name": "First-TF-Instance",
      "provider": "provider[\"registry.terraform.io/hashicorp/aws\"]",
      "instances": [
        {
          "schema_version": 1,
          "attributes": {
            "ami": "ami-0cc9838aa7ab1dce7",
            "arn": "arn:aws:ec2:ap-south-1:454461993352:instance/i-06986c49936b73466",
            "associate_public_ip_address": true,
            "availability_zone": "ap-south-1a",
            "capacity_reservation_specification": [
              {
                "capacity_reservation_preference": "open",
                "capacity_reservation_target": []
              }
            ],
            "cpu_core_count": 1,
            "cpu_options": [
              {
                "amd_sev_snp": "",
                "core_count": 1,
                "threads_per_core": 1
              }
            ],
            "cpu_threads_per_core": 1,
            "credit_specification": [
              {
                "cpu_credits": "standard"
              }
            ],
            "disable_api_stop": false,
            "disable_api_termination": false,
            "ebs_block_device": [],
            "ebs_optimized": false,
            "enclave_options": [
              {
                "enabled": false
              }
            ],
            "ephemeral_block_device": [],
            "get_password_data": false,
            "hibernation": false,
            "host_id": "",
            "host_resource_group_arn": null,
            "iam_instance_profile": "",
            "id": "i-06986c49936b73466",
            "instance_initiated_shutdown_behavior": "stop",
            "instance_lifecycle": "",
            "instance_market_options": [],
            "instance_state": "running",
            "instance_type": "t2.micro",
            "ipv6_address_count": 0,
            "ipv6_addresses": [],
            "key_name": "key-tf",
            "launch_template": [],
            "maintenance_options": [
              {
                "auto_recovery": "default"
              }
            ],
            "metadata_options": [
              {
                "http_endpoint": "enabled",
                "http_protocol_ipv6": "disabled",
                "http_put_response_hop_limit": 2,
                "http_tokens": "required",
                "instance_metadata_tags": "disabled"
              }
            ],
            "monitoring": false,
            "network_interface": [],
            "outpost_arn": "",
            "password_data": "",
            "placement_group": "",
            "placement_partition_number": 0,
            "primary_network_interface_id": "eni-06cce986edc59838e",
            "private_dns": "ip-172-31-42-116.ap-south-1.compute.internal",
            "private_dns_name_options": [
              {
                "enable_resource_name_dns_a_record": false,
                "enable_resource_name_dns_aaaa_record": false,
                "hostname_type": "ip-name"
              }
            ],
            "private_ip": "172.31.42.116",
            "public_dns": "ec2-13-201-27-89.ap-south-1.compute.amazonaws.com",
            "public_ip": "13.201.27.89",
            "root_block_device": [
              {
                "delete_on_termination": true,
                "device_name": "/dev/xvda",
                "encrypted": false,
                "iops": 3000,
                "kms_key_id": "",
                "tags": {},
                "tags_all": {},
                "throughput": 125,
                "volume_id": "vol-0d6d8d9f0159aae8b",
                "volume_size": 8,
                "volume_type": "gp3"
              }
            ],
            "secondary_private_ips": [],
            "security_groups": [
              "default"
            ],
            "source_dest_check": true,
            "spot_instance_request_id": "",
            "subnet_id": "subnet-02b43b320c41e6f85",
            "tags": {
              "Name": "First-TF-Instance"
            },
            "tags_all": {
              "Name": "First-TF-Instance"
            },
            "tenancy": "default",
            "timeouts": null,
            "user_data": null,
            "user_data_base64": null,
            "user_data_replace_on_change": false,
            "volume_tags": null,
            "vpc_security_group_ids": [
              "sg-0e2bdcb21b0e4d2ee"
            ]
          },
          "sensitive_attributes": [],
          "private": "eyJlMmJmYjczMC1lY2FhLTExZTYtOGY4OC0zNDM2M2JjN2M0YzAiOnsiY3JlYXRlIjo2MDAwMDAwMDAwMDAsImRlbGV0ZSI6MTIwMDAwMDAwMDAwMCwicmVhZCI6OTAwMDAwMDAwMDAwLCJ1cGRhdGUiOjYwMDAwMDAwMDAwMH0sInNjaGVtYV92ZXJzaW9uIjoiMSJ9",
          "dependencies": [
            "aws_key_pair.key-tf"
          ]
        }
      ]
    },
    {
      "mode": "managed",
      "type": "aws_key_pair",
      "name": "key-tf",
      "provider": "provider[\"registry.terraform.io/hashicorp/aws\"]",
      "instances": [
        {
          "schema_version": 1,
          "attributes": {
            "arn": "arn:aws:ec2:ap-south-1:454461993352:key-pair/key-tf",
            "fingerprint": "d0:1d:28:06:7e:ca:d4:e8:f7:c4:1e:71:58:3e:0d:0c",
            "id": "key-tf",
            "key_name": "key-tf",
            "key_name_prefix": "",
            "key_pair_id": "key-05333e52a983b95a0",
            "key_type": "rsa",
            "public_key": "ssh-rsa AAAAB3NzaC1yc2EAAAADAQABAAABgQCLQEGGDgVgVltbQVXNSHrJWvU1Cq/+eCIWio6blk8xjV4TZFC/UW8WSWFOazgqiuIfH+TIglCMCC1N7VeTWr8RdAzx0Ti7TAucKngOQPhLAPn6+ZQJ9dSuuT5JZ0Vxfv9EJvTaWrziUHZEfFiatakg99E3XgbEfMMVC9JkD8E4HOx9DPuGlWc0rUeoqdeS2uiZ3iS7St6Om5hyfvFeiFbT6rbv5/apc1Ge/fKl7HkX97TKG2nZgYYW+OmzqaF5lTzFAuzyD8pb0xbHljrFrVZ8ZDV5jNh9SzSdKyzdyNUq+qJlLIL1xz3qI0ZamFej2ODEjs04Cg1h5GHqq7XWQ70YS18SoD/2yW85T7zaQcA0//bg4xByEW24bDkNpzHfKAyJvoNXij1ns9INxH6SRAwOvtY+414sr7NUEChDvskncnKF7qLyuR9XcU+EKOX0tX4XsyurPKSWUQXVLj+AAEIx2UX5aeA2srqLT5f/lIw2tEZgSjqFlvUMnsbKwwwHrNc= dev@parrot",
            "tags": null,
            "tags_all": {}
          },
          "sensitive_attributes": [],
          "private": "eyJzY2hlbWFfdmVyc2lvbiI6IjEifQ=="
        }
      ]
    }
  ],
  "check_results": null
}
